
Microsoft Visual Studio Solution File, Format Version 12.00
# Visual Studio Version 17
VisualStudioVersion = 17.9.34607.119
MinimumVisualStudioVersion = 10.0.40219.1
Project("{FAE04EC0-301F-11D3-BF4B-00C04F79EFBC}") = "domainChecker", "domainChecker\domainChecker.csproj", "{2EC5EFFF-973D-4CF4-82AB-671088529874}"
EndProject
Global
	GlobalSection(SolutionConfigurationPlatforms) = preSolution
		Debug|Any CPU = Debug|Any CPU
		Release|Any CPU = Release|Any CPU
	EndGlobalSection
	GlobalSection(ProjectConfigurationPlatforms) = postSolution
		{2EC5EFFF-973D-4CF4-82AB-671088529874}.Debug|Any CPU.ActiveCfg = Debug|Any CPU
		{2EC5EFFF-973D-4CF4-82AB-671088529874}.Debug|Any CPU.Build.0 = Debug|Any CPU
		{2EC5EFFF-973D-4CF4-82AB-671088529874}.Release|Any CPU.ActiveCfg = Release|Any CPU
		{2EC5EFFF-973D-4CF4-82AB-671088529874}.Release|Any CPU.Build.0 = Release|Any CPU
	EndGlobalSection
	GlobalSection(SolutionProperties) = preSolution
		HideSolutionNode = FALSE
	EndGlobalSection
	GlobalSection(ExtensibilityGlobals) = postSolution
		SolutionGuid = {6855FA89-F6B5-4009-ABBA-0E68D853243C}
	EndGlobalSection
EndGlobal
